Microsoft Visual Studio Solution File, Format Version 12.00
# Visual Studio Version 17
VisualStudioVersion = 17.5.2.0
MinimumVisualStudioVersion = 10.0.40219.1
Project("{FAE04EC0-301F-11D3-BF4B-00C04F79EFBC}") = "OptionEdge.API.AliceBlue", "OptionEdge.API.AliceBlue.csproj", "{0C4626FB-7458-3922-F1A1-F5523E7F4316}"
EndProject
Global
	GlobalSection(SolutionConfigurationPlatforms) = preSolution
		Debug|Any CPU = Debug|Any CPU
		Release|Any CPU = Release|Any CPU
	EndGlobalSection
	GlobalSection(ProjectConfigurationPlatforms) = postSolution
		{0C4626FB-7458-3922-F1A1-F5523E7F4316}.Debug|Any CPU.ActiveCfg = Debug|Any CPU
		{0C4626FB-7458-3922-F1A1-F5523E7F4316}.Debug|Any CPU.Build.0 = Debug|Any CPU
		{0C4626FB-7458-3922-F1A1-F5523E7F4316}.Release|Any CPU.ActiveCfg = Release|Any CPU
		{0C4626FB-7458-3922-F1A1-F5523E7F4316}.Release|Any CPU.Build.0 = Release|Any CPU
	EndGlobalSection
	GlobalSection(SolutionProperties) = preSolution
		HideSolutionNode = FALSE
	EndGlobalSection
	GlobalSection(ExtensibilityGlobals) = postSolution
		SolutionGuid = {29B73655-427C-4B64-BA41-E2BCB53A8290}
	EndGlobalSection
EndGlobal
